// !$*UTF8*$!
{
	archiveVersion = 1;
	classes = {
	};
	objectVersion = 48;
	objects = {

/* Begin PBXBuildFile section */
		4E2670D6205516BF0045932D /* AppDelegate.swift in Sources */ = {isa = PBXBuildFile; fileRef = 4E2670D5205516BF0045932D /* AppDelegate.swift */; };
		4E2670DB205516BF0045932D /* Main.storyboard in Resources */ = {isa = PBXBuildFile; fileRef = 4E2670D9205516BF0045932D /* Main.storyboard */; };
		4E2670DE205516BF0045932D /* Stamp.xcdatamodeld in Sources */ = {isa = PBXBuildFile; fileRef = 4E2670DC205516BF0045932D /* Stamp.xcdatamodeld */; };
		4E2670E0205516BF0045932D /* Assets.xcassets in Resources */ = {isa = PBXBuildFile; fileRef = 4E2670DF205516BF0045932D /* Assets.xcassets */; };
		4E2670E3205516BF0045932D /* LaunchScreen.storyboard in Resources */ = {isa = PBXBuildFile; fileRef = 4E2670E1205516BF0045932D /* LaunchScreen.storyboard */; };
		4E2670F9205516C00045932D /* StampUITests.swift in Sources */ = {isa = PBXBuildFile; fileRef = 4E2670F8205516C00045932D /* StampUITests.swift */; };
		4E267108205517600045932D /* MapKit.framework in Frameworks */ = {isa = PBXBuildFile; fileRef = 4E267107205517600045932D /* MapKit.framework */; };
		4E26711B20551DE90045932D /* Location+CoreDataClass.swift in Sources */ = {isa = PBXBuildFile; fileRef = 4E26711920551DE90045932D /* Location+CoreDataClass.swift */; };
		4E26711C20551DE90045932D /* Location+CoreDataProperties.swift in Sources */ = {isa = PBXBuildFile; fileRef = 4E26711A20551DE90045932D /* Location+CoreDataProperties.swift */; };
		4E282F692074B26100401D64 /* RecordButton.swift in Sources */ = {isa = PBXBuildFile; fileRef = 4E282F682074B26100401D64 /* RecordButton.swift */; };
		4E445598206F1BB800FD88E1 /* DateRangeSelectorViewController.swift in Sources */ = {isa = PBXBuildFile; fileRef = 4E445597206F1BB800FD88E1 /* DateRangeSelectorViewController.swift */; };
		4E44559A206F1D4E00FD88E1 /* DateRangeSelectorTableViewCell.swift in Sources */ = {isa = PBXBuildFile; fileRef = 4E445599206F1D4E00FD88E1 /* DateRangeSelectorTableViewCell.swift */; };
		4E44559C206F1F6100FD88E1 /* DateRangeLabelView.xib in Resources */ = {isa = PBXBuildFile; fileRef = 4E44559B206F1F6100FD88E1 /* DateRangeLabelView.xib */; };
		4E44559E206F1FB800FD88E1 /* DateRangeLabelView.swift in Sources */ = {isa = PBXBuildFile; fileRef = 4E44559D206F1FB800FD88E1 /* DateRangeLabelView.swift */; };
		4E5EF0082072043B00E782AE /* DateRangeSelector.storyboard in Resources */ = {isa = PBXBuildFile; fileRef = 4E5EF0072072043B00E782AE /* DateRangeSelector.storyboard */; };
		4E70BB24205A543C00857009 /* HistoryListTableViewCell.swift in Sources */ = {isa = PBXBuildFile; fileRef = 4E70BB22205A543C00857009 /* HistoryListTableViewCell.swift */; };
		4EA9CD8C206C7ABF0062EC7B /* SingleLocationMapView.swift in Sources */ = {isa = PBXBuildFile; fileRef = 4EA9CD8B206C7ABF0062EC7B /* SingleLocationMapView.swift */; };
		4EA9CD8E206C7C6D0062EC7B /* LocationInfoView.swift in Sources */ = {isa = PBXBuildFile; fileRef = 4EA9CD8D206C7C6D0062EC7B /* LocationInfoView.swift */; };
		4EA9CD90206C7ED00062EC7B /* LocationInfoView.xib in Resources */ = {isa = PBXBuildFile; fileRef = 4EA9CD8F206C7ED00062EC7B /* LocationInfoView.xib */; };
		4EB19306206B33CF00ABF1C2 /* HistoryMapView.swift in Sources */ = {isa = PBXBuildFile; fileRef = 4EB19305206B33CF00ABF1C2 /* HistoryMapView.swift */; };
		4EB60D9A209C36FF007FC085 /* DateRangeTests.swift in Sources */ = {isa = PBXBuildFile; fileRef = 4EB60D99209C36FF007FC085 /* DateRangeTests.swift */; };
		4EDC434D209BF44D00FB8104 /* LocationServiceTests.swift in Sources */ = {isa = PBXBuildFile; fileRef = 4EDC434C209BF44D00FB8104 /* LocationServiceTests.swift */; };
		CAE74046B5FEAFC870AE1DEB /* HistoryTableViewDataSource.swift in Sources */ = {isa = PBXBuildFile; fileRef = CAE7495EDA2FD26E92D0300C /* HistoryTableViewDataSource.swift */; };
		CAE741A26FCDFECBCE6786F1 /* HistoryMapViewController.swift in Sources */ = {isa = PBXBuildFile; fileRef = CAE74BACCDB0031C119B7C96 /* HistoryMapViewController.swift */; };
		CAE741E3EC71BBD6B25D97A3 /* MapSnapshotShare.swift in Sources */ = {isa = PBXBuildFile; fileRef = CAE7405174C90927F28CEBFD /* MapSnapshotShare.swift */; };
		CAE74203B3107FD962D87579 /* SingleMapViewController.swift in Sources */ = {isa = PBXBuildFile; fileRef = CAE74311FD153612AE9C3884 /* SingleMapViewController.swift */; };
		CAE74260340308E89339F40B /* BaseTabBarController.swift in Sources */ = {isa = PBXBuildFile; fileRef = CAE742DC0BB8F65D6784664A /* BaseTabBarController.swift */; };
		CAE74497F451455B2CCE905B /* DateRangeService.swift in Sources */ = {isa = PBXBuildFile; fileRef = CAE747DBEA6F22059FC8EDBD /* DateRangeService.swift */; };
		CAE7454BFA50EBC3B9F5AD5B /* BaseNavigationController.swift in Sources */ = {isa = PBXBuildFile; fileRef = CAE74DA92AA392FE1B363908 /* BaseNavigationController.swift */; };
		CAE746A6ACE76FD77F575946 /* SnapshotService.swift in Sources */ = {isa = PBXBuildFile; fileRef = CAE744EC038F91F237002530 /* SnapshotService.swift */; };
		CAE747947B7876F336E96F8C /* DateRange.swift in Sources */ = {isa = PBXBuildFile; fileRef = CAE74CF4D66E07399C7315AF /* DateRange.swift */; };
		CAE749BAB04ED23834D8B072 /* LocationService.swift in Sources */ = {isa = PBXBuildFile; fileRef = CAE74560E2A6F3898E9CC1B2 /* LocationService.swift */; };
		CAE74AC37B4B41F28FC86D2F /* HistoryListViewController.swift in Sources */ = {isa = PBXBuildFile; fileRef = CAE74017A45377DF0A9DC2F4 /* HistoryListViewController.swift */; };
		CAE74C030E314E1F353E83C7 /* DateTests.swift in Sources */ = {isa = PBXBuildFile; fileRef = CAE745C32F55F92E3D593C3E /* DateTests.swift */; };
		CAE74CBA542DC4CABBCB7115 /* Date.swift in Sources */ = {isa = PBXBuildFile; fileRef = CAE7414735B5EDD04E71508F /* Date.swift */; };
		CAE74DB733E11BE117DB472A /* DateRangeLabelViewDelegate.swift in Sources */ = {isa = PBXBuildFile; fileRef = CAE741E6F2A35A0498E8DDDC /* DateRangeLabelViewDelegate.swift */; };
		CAE74E9BC39011572A50BA41 /* AlertDialog.swift in Sources */ = {isa = PBXBuildFile; fileRef = CAE7485A57B0D57FD71DF82C /* AlertDialog.swift */; };
		CAE74EE3718289EDC30D3A75 /* DateRangeSelectorTableViewDataSource.swift in Sources */ = {isa = PBXBuildFile; fileRef = CAE74571661CC54BE45EBE4B /* DateRangeSelectorTableViewDataSource.swift */; };
		CAE74F3306455E947DA0CC40 /* MainViewController.swift in Sources */ = {isa = PBXBuildFile; fileRef = CAE74EA28C3232FDCCD813AA /* MainViewController.swift */; };
/* End PBXBuildFile section */

/* Begin PBXContainerItemProxy section */
		4E2670EA205516BF0045932D /* PBXContainerItemProxy */ = {
			isa = PBXContainerItemProxy;
			containerPortal = 4E2670CA205516BF0045932D /* Project object */;
			proxyType = 1;
			remoteGlobalIDString = 4E2670D1205516BF0045932D;
			remoteInfo = Stamp;
		};
		4E2670F5205516C00045932D /* PBXContainerItemProxy */ = {
			isa = PBXContainerItemProxy;
			containerPortal = 4E2670CA205516BF0045932D /* Project object */;
			proxyType = 1;
			remoteGlobalIDString = 4E2670D1205516BF0045932D;
			remoteInfo = Stamp;
		};
/* End PBXContainerItemProxy section */

/* Begin PBXFileReference section */
		4E2670D2205516BF0045932D /* Stamp.app */ = {isa = PBXFileReference; explicitFileType = wrapper.application; includeInIndex = 0; path = Stamp.app; sourceTree = BUILT_PRODUCTS_DIR; };
		4E2670D5205516BF0045932D /* AppDelegate.swift */ = {isa = PBXFileReference; lastKnownFileType = sourcecode.swift; path = AppDelegate.swift; sourceTree = "<group>"; };
		4E2670DA205516BF0045932D /* Base */ = {isa = PBXFileReference; lastKnownFileType = file.storyboard; name = Base; path = Base.lproj/Main.storyboard; sourceTree = "<group>"; };
		4E2670DD205516BF0045932D /* Stamp.xcdatamodel */ = {isa = PBXFileReference; lastKnownFileType = wrapper.xcdatamodel; path = Stamp.xcdatamodel; sourceTree = "<group>"; };
		4E2670DF205516BF0045932D /* Assets.xcassets */ = {isa = PBXFileReference; lastKnownFileType = folder.assetcatalog; path = Assets.xcassets; sourceTree = "<group>"; };
		4E2670E2205516BF0045932D /* Base */ = {isa = PBXFileReference; lastKnownFileType = file.storyboard; name = Base; path = Base.lproj/LaunchScreen.storyboard; sourceTree = "<group>"; };
		4E2670E4205516BF0045932D /* Info.plist */ = {isa = PBXFileReference; lastKnownFileType = text.plist.xml; path = Info.plist; sourceTree = "<group>"; };
		4E2670E9205516BF0045932D /* StampTests.xctest */ = {isa = PBXFileReference; explicitFileType = wrapper.cfbundle; includeInIndex = 0; path = StampTests.xctest; sourceTree = BUILT_PRODUCTS_DIR; };
		4E2670EF205516BF0045932D /* Info.plist */ = {isa = PBXFileReference; lastKnownFileType = text.plist.xml; path = Info.plist; sourceTree = "<group>"; };
		4E2670F4205516C00045932D /* StampUITests.xctest */ = {isa = PBXFileReference; explicitFileType = wrapper.cfbundle; includeInIndex = 0; path = StampUITests.xctest; sourceTree = BUILT_PRODUCTS_DIR; };
		4E2670F8205516C00045932D /* StampUITests.swift */ = {isa = PBXFileReference; lastKnownFileType = sourcecode.swift; path = StampUITests.swift; sourceTree = "<group>"; };
		4E2670FA205516C00045932D /* Info.plist */ = {isa = PBXFileReference; lastKnownFileType = text.plist.xml; path = Info.plist; sourceTree = "<group>"; };
		4E267107205517600045932D /* MapKit.framework */ = {isa = PBXFileReference; lastKnownFileType = wrapper.framework; name = MapKit.framework; path = System/Library/Frameworks/MapKit.framework; sourceTree = SDKROOT; };
		4E26711920551DE90045932D /* Location+CoreDataClass.swift */ = {isa = PBXFileReference; lastKnownFileType = sourcecode.swift; path = "Location+CoreDataClass.swift"; sourceTree = "<group>"; };
		4E26711A20551DE90045932D /* Location+CoreDataProperties.swift */ = {isa = PBXFileReference; lastKnownFileType = sourcecode.swift; path = "Location+CoreDataProperties.swift"; sourceTree = "<group>"; };
		4E282F682074B26100401D64 /* RecordButton.swift */ = {isa = PBXFileReference; lastKnownFileType = sourcecode.swift; path = RecordButton.swift; sourceTree = "<group>"; };
		4E445597206F1BB800FD88E1 /* DateRangeSelectorViewController.swift */ = {isa = PBXFileReference; lastKnownFileType = sourcecode.swift; path = DateRangeSelectorViewController.swift; sourceTree = "<group>"; };
		4E445599206F1D4E00FD88E1 /* DateRangeSelectorTableViewCell.swift */ = {isa = PBXFileReference; lastKnownFileType = sourcecode.swift; path = DateRangeSelectorTableViewCell.swift; sourceTree = "<group>"; };
		4E44559B206F1F6100FD88E1 /* DateRangeLabelView.xib */ = {isa = PBXFileReference; lastKnownFileType = file.xib; path = DateRangeLabelView.xib; sourceTree = "<group>"; };
		4E44559D206F1FB800FD88E1 /* DateRangeLabelView.swift */ = {isa = PBXFileReference; lastKnownFileType = sourcecode.swift; path = DateRangeLabelView.swift; sourceTree = "<group>"; };
		4E5EF0072072043B00E782AE /* DateRangeSelector.storyboard */ = {isa = PBXFileReference; lastKnownFileType = file.storyboard; path = DateRangeSelector.storyboard; sourceTree = "<group>"; };
		4E70BB22205A543C00857009 /* HistoryListTableViewCell.swift */ = {isa = PBXFileReference; lastKnownFileType = sourcecode.swift; path = HistoryListTableViewCell.swift; sourceTree = "<group>"; };
		4E96BEBC205F45B80024C402 /* ToastSwiftFramework.framework */ = {isa = PBXFileReference; lastKnownFileType = wrapper.framework; name = ToastSwiftFramework.framework; path = Carthage/Build/iOS/ToastSwiftFramework.framework; sourceTree = "<group>"; };
		4EA9CD8B206C7ABF0062EC7B /* SingleLocationMapView.swift */ = {isa = PBXFileReference; lastKnownFileType = sourcecode.swift; path = SingleLocationMapView.swift; sourceTree = "<group>"; };
		4EA9CD8D206C7C6D0062EC7B /* LocationInfoView.swift */ = {isa = PBXFileReference; lastKnownFileType = sourcecode.swift; path = LocationInfoView.swift; sourceTree = "<group>"; };
		4EA9CD8F206C7ED00062EC7B /* LocationInfoView.xib */ = {isa = PBXFileReference; lastKnownFileType = file.xib; path = LocationInfoView.xib; sourceTree = "<group>"; };
		4EB19305206B33CF00ABF1C2 /* HistoryMapView.swift */ = {isa = PBXFileReference; lastKnownFileType = sourcecode.swift; path = HistoryMapView.swift; sourceTree = "<group>"; };
		4EB60D99209C36FF007FC085 /* DateRangeTests.swift */ = {isa = PBXFileReference; lastKnownFileType = sourcecode.swift; path = DateRangeTests.swift; sourceTree = "<group>"; };
		4EDC434C209BF44D00FB8104 /* LocationServiceTests.swift */ = {isa = PBXFileReference; lastKnownFileType = sourcecode.swift; path = LocationServiceTests.swift; sourceTree = "<group>"; };
		CAE74017A45377DF0A9DC2F4 /* HistoryListViewController.swift */ = {isa = PBXFileReference; fileEncoding = 4; lastKnownFileType = sourcecode.swift; path = HistoryListViewController.swift; sourceTree = "<group>"; };
		CAE7405174C90927F28CEBFD /* MapSnapshotShare.swift */ = {isa = PBXFileReference; fileEncoding = 4; lastKnownFileType = sourcecode.swift; path = MapSnapshotShare.swift; sourceTree = "<group>"; };
		CAE7414735B5EDD04E71508F /* Date.swift */ = {isa = PBXFileReference; fileEncoding = 4; lastKnownFileType = sourcecode.swift; path = Date.swift; sourceTree = "<group>"; };
		CAE741E6F2A35A0498E8DDDC /* DateRangeLabelViewDelegate.swift */ = {isa = PBXFileReference; fileEncoding = 4; lastKnownFileType = sourcecode.swift; path = DateRangeLabelViewDelegate.swift; sourceTree = "<group>"; };
		CAE742DC0BB8F65D6784664A /* BaseTabBarController.swift */ = {isa = PBXFileReference; fileEncoding = 4; lastKnownFileType = sourcecode.swift; path = BaseTabBarController.swift; sourceTree = "<group>"; };
		CAE74311FD153612AE9C3884 /* SingleMapViewController.swift */ = {isa = PBXFileReference; fileEncoding = 4; lastKnownFileType = sourcecode.swift; path = SingleMapViewController.swift; sourceTree = "<group>"; };
		CAE744EC038F91F237002530 /* SnapshotService.swift */ = {isa = PBXFileReference; fileEncoding = 4; lastKnownFileType = sourcecode.swift; path = SnapshotService.swift; sourceTree = "<group>"; };
		CAE74560E2A6F3898E9CC1B2 /* LocationService.swift */ = {isa = PBXFileReference; fileEncoding = 4; lastKnownFileType = sourcecode.swift; path = LocationService.swift; sourceTree = "<group>"; };
		CAE74571661CC54BE45EBE4B /* DateRangeSelectorTableViewDataSource.swift */ = {isa = PBXFileReference; fileEncoding = 4; lastKnownFileType = sourcecode.swift; path = DateRangeSelectorTableViewDataSource.swift; sourceTree = "<group>"; };
		CAE745C32F55F92E3D593C3E /* DateTests.swift */ = {isa = PBXFileReference; fileEncoding = 4; lastKnownFileType = sourcecode.swift; path = DateTests.swift; sourceTree = "<group>"; };
		CAE747DBEA6F22059FC8EDBD /* DateRangeService.swift */ = {isa = PBXFileReference; fileEncoding = 4; lastKnownFileType = sourcecode.swift; path = DateRangeService.swift; sourceTree = "<group>"; };
		CAE7485A57B0D57FD71DF82C /* AlertDialog.swift */ = {isa = PBXFileReference; fileEncoding = 4; lastKnownFileType = sourcecode.swift; path = AlertDialog.swift; sourceTree = "<group>"; };
		CAE7495EDA2FD26E92D0300C /* HistoryTableViewDataSource.swift */ = {isa = PBXFileReference; fileEncoding = 4; lastKnownFileType = sourcecode.swift; path = HistoryTableViewDataSource.swift; sourceTree = "<group>"; };
		CAE74BACCDB0031C119B7C96 /* HistoryMapViewController.swift */ = {isa = PBXFileReference; fileEncoding = 4; lastKnownFileType = sourcecode.swift; path = HistoryMapViewController.swift; sourceTree = "<group>"; };
		CAE74CF4D66E07399C7315AF /* DateRange.swift */ = {isa = PBXFileReference; fileEncoding = 4; lastKnownFileType = sourcecode.swift; path = DateRange.swift; sourceTree = "<group>"; };
		CAE74DA92AA392FE1B363908 /* BaseNavigationController.swift */ = {isa = PBXFileReference; fileEncoding = 4; lastKnownFileType = sourcecode.swift; path = BaseNavigationController.swift; sourceTree = "<group>"; };
		CAE74EA28C3232FDCCD813AA /* MainViewController.swift */ = {isa = PBXFileReference; fileEncoding = 4; lastKnownFileType = sourcecode.swift; path = MainViewController.swift; sourceTree = "<group>"; };
/* End PBXFileReference section */

/* Begin PBXFrameworksBuildPhase section */
		4E2670CF205516BF0045932D /* Frameworks */ = {
			isa = PBXFrameworksBuildPhase;
			buildActionMask = 2147483647;
			files = (
				4E267108205517600045932D /* MapKit.framework in Frameworks */,
			);
			runOnlyForDeploymentPostprocessing = 0;
		};
		4E2670E6205516BF0045932D /* Frameworks */ = {
			isa = PBXFrameworksBuildPhase;
			buildActionMask = 2147483647;
			files = (
			);
			runOnlyForDeploymentPostprocessing = 0;
		};
		4E2670F1205516C00045932D /* Frameworks */ = {
			isa = PBXFrameworksBuildPhase;
			buildActionMask = 2147483647;
			files = (
			);
			runOnlyForDeploymentPostprocessing = 0;
		};
/* End PBXFrameworksBuildPhase section */

/* Begin PBXGroup section */
		4E2670C9205516BF0045932D = {
			isa = PBXGroup;
			children = (
				4E26711920551DE90045932D /* Location+CoreDataClass.swift */,
				4E26711A20551DE90045932D /* Location+CoreDataProperties.swift */,
				4E2670D4205516BF0045932D /* Stamp */,
				4E2670EC205516BF0045932D /* StampTests */,
				4E2670F7205516C00045932D /* StampUITests */,
				4E2670D3205516BF0045932D /* Products */,
				4E2671062055175F0045932D /* Frameworks */,
			);
			sourceTree = "<group>";
		};
		4E2670D3205516BF0045932D /* Products */ = {
			isa = PBXGroup;
			children = (
				4E2670D2205516BF0045932D /* Stamp.app */,
				4E2670E9205516BF0045932D /* StampTests.xctest */,
				4E2670F4205516C00045932D /* StampUITests.xctest */,
			);
			name = Products;
			sourceTree = "<group>";
		};
		4E2670D4205516BF0045932D /* Stamp */ = {
			isa = PBXGroup;
			children = (
				4E70BB1F205A4F1F00857009 /* view */,
				4E2670D5205516BF0045932D /* AppDelegate.swift */,
				4E2670D9205516BF0045932D /* Main.storyboard */,
				4E2670DF205516BF0045932D /* Assets.xcassets */,
				4E2670E1205516BF0045932D /* LaunchScreen.storyboard */,
				4E2670E4205516BF0045932D /* Info.plist */,
				4E2670DC205516BF0045932D /* Stamp.xcdatamodeld */,
				CAE74FFD36A2BDE857173832 /* extension */,
				CAE745382AAEC14B606C1312 /* controller */,
				CAE74D36CF1E9DF3C1875ED1 /* dataSource */,
				CAE74E482C025FB04BF96295 /* service */,
				CAE74F33DCF8DFDB831AA377 /* data */,
				CAE74543608C25493C73AA51 /* protocol */,
				4E5EF0072072043B00E782AE /* DateRangeSelector.storyboard */,
			);
			path = Stamp;
			sourceTree = "<group>";
		};
		4E2670EC205516BF0045932D /* StampTests */ = {
			isa = PBXGroup;
			children = (
				4EDC434B209BF41700FB8104 /* service */,
				4E2670EF205516BF0045932D /* Info.plist */,
				CAE742C89D721DED888398B9 /* extension */,
			);
			path = StampTests;
			sourceTree = "<group>";
		};
		4E2670F7205516C00045932D /* StampUITests */ = {
			isa = PBXGroup;
			children = (
				4E2670F8205516C00045932D /* StampUITests.swift */,
				4E2670FA205516C00045932D /* Info.plist */,
			);
			path = StampUITests;
			sourceTree = "<group>";
		};
		4E2671062055175F0045932D /* Frameworks */ = {
			isa = PBXGroup;
			children = (
				4E96BEBC205F45B80024C402 /* ToastSwiftFramework.framework */,
				4E267107205517600045932D /* MapKit.framework */,
			);
			name = Frameworks;
			sourceTree = "<group>";
		};
		4E70BB1F205A4F1F00857009 /* view */ = {
			isa = PBXGroup;
			children = (
				4E70BB22205A543C00857009 /* HistoryListTableViewCell.swift */,
				4EB19305206B33CF00ABF1C2 /* HistoryMapView.swift */,
				4EA9CD8B206C7ABF0062EC7B /* SingleLocationMapView.swift */,
				4EA9CD8D206C7C6D0062EC7B /* LocationInfoView.swift */,
				4EA9CD8F206C7ED00062EC7B /* LocationInfoView.xib */,
				4E445599206F1D4E00FD88E1 /* DateRangeSelectorTableViewCell.swift */,
				4E44559B206F1F6100FD88E1 /* DateRangeLabelView.xib */,
				4E44559D206F1FB800FD88E1 /* DateRangeLabelView.swift */,
				4E282F682074B26100401D64 /* RecordButton.swift */,
			);
			path = view;
			sourceTree = "<group>";
		};
		4EDC434B209BF41700FB8104 /* service */ = {
			isa = PBXGroup;
			children = (
				4EDC434C209BF44D00FB8104 /* LocationServiceTests.swift */,
				4EB60D99209C36FF007FC085 /* DateRangeTests.swift */,
			);
			path = service;
			sourceTree = "<group>";
		};
		CAE742C89D721DED888398B9 /* extension */ = {
			isa = PBXGroup;
			children = (
				CAE745C32F55F92E3D593C3E /* DateTests.swift */,
			);
			path = extension;
			sourceTree = "<group>";
		};
		CAE745382AAEC14B606C1312 /* controller */ = {
			isa = PBXGroup;
			children = (
				CAE74311FD153612AE9C3884 /* SingleMapViewController.swift */,
				CAE742DC0BB8F65D6784664A /* BaseTabBarController.swift */,
				CAE74017A45377DF0A9DC2F4 /* HistoryListViewController.swift */,
				CAE74EA28C3232FDCCD813AA /* MainViewController.swift */,
				CAE74BACCDB0031C119B7C96 /* HistoryMapViewController.swift */,
				4E445597206F1BB800FD88E1 /* DateRangeSelectorViewController.swift */,
				CAE74DA92AA392FE1B363908 /* BaseNavigationController.swift */,
			);
			path = controller;
			sourceTree = "<group>";
		};
		CAE74543608C25493C73AA51 /* protocol */ = {
			isa = PBXGroup;
			children = (
				CAE741E6F2A35A0498E8DDDC /* DateRangeLabelViewDelegate.swift */,
				CAE7405174C90927F28CEBFD /* MapSnapshotShare.swift */,
				CAE7485A57B0D57FD71DF82C /* AlertDialog.swift */,
			);
			path = protocol;
			sourceTree = "<group>";
		};
		CAE74D36CF1E9DF3C1875ED1 /* dataSource */ = {
			isa = PBXGroup;
			children = (
				CAE7495EDA2FD26E92D0300C /* HistoryTableViewDataSource.swift */,
				CAE74571661CC54BE45EBE4B /* DateRangeSelectorTableViewDataSource.swift */,
			);
			path = dataSource;
			sourceTree = "<group>";
		};
		CAE74E482C025FB04BF96295 /* service */ = {
			isa = PBXGroup;
			children = (
				CAE74560E2A6F3898E9CC1B2 /* LocationService.swift */,
				CAE747DBEA6F22059FC8EDBD /* DateRangeService.swift */,
				CAE744EC038F91F237002530 /* SnapshotService.swift */,
			);
			path = service;
			sourceTree = "<group>";
		};
		CAE74F33DCF8DFDB831AA377 /* data */ = {
			isa = PBXGroup;
			children = (
				CAE74CF4D66E07399C7315AF /* DateRange.swift */,
			);
			path = data;
			sourceTree = "<group>";
		};
		CAE74FFD36A2BDE857173832 /* extension */ = {
			isa = PBXGroup;
			children = (
				CAE7414735B5EDD04E71508F /* Date.swift */,
			);
			path = extension;
			sourceTree = "<group>";
		};
/* End PBXGroup section */

/* Begin PBXNativeTarget section */
		4E2670D1205516BF0045932D /* Stamp */ = {
			isa = PBXNativeTarget;
			buildConfigurationList = 4E2670FD205516C00045932D /* Build configuration list for PBXNativeTarget "Stamp" */;
			buildPhases = (
				4E2670CE205516BF0045932D /* Sources */,
				4E2670CF205516BF0045932D /* Frameworks */,
				4E2670D0205516BF0045932D /* Resources */,
			);
			buildRules = (
			);
			dependencies = (
			);
			name = Stamp;
			productName = Stamp;
			productReference = 4E2670D2205516BF0045932D /* Stamp.app */;
			productType = "com.apple.product-type.application";
		};
		4E2670E8205516BF0045932D /* StampTests */ = {
			isa = PBXNativeTarget;
			buildConfigurationList = 4E267100205516C00045932D /* Build configuration list for PBXNativeTarget "StampTests" */;
			buildPhases = (
				4E2670E5205516BF0045932D /* Sources */,
				4E2670E6205516BF0045932D /* Frameworks */,
				4E2670E7205516BF0045932D /* Resources */,
			);
			buildRules = (
			);
			dependencies = (
				4E2670EB205516BF0045932D /* PBXTargetDependency */,
			);
			name = StampTests;
			productName = StampTests;
			productReference = 4E2670E9205516BF0045932D /* StampTests.xctest */;
			productType = "com.apple.product-type.bundle.unit-test";
		};
		4E2670F3205516C00045932D /* StampUITests */ = {
			isa = PBXNativeTarget;
			buildConfigurationList = 4E267103205516C00045932D /* Build configuration list for PBXNativeTarget "StampUITests" */;
			buildPhases = (
				4E2670F0205516C00045932D /* Sources */,
				4E2670F1205516C00045932D /* Frameworks */,
				4E2670F2205516C00045932D /* Resources */,
			);
			buildRules = (
			);
			dependencies = (
				4E2670F6205516C00045932D /* PBXTargetDependency */,
			);
			name = StampUITests;
			productName = StampUITests;
			productReference = 4E2670F4205516C00045932D /* StampUITests.xctest */;
			productType = "com.apple.product-type.bundle.ui-testing";
		};
/* End PBXNativeTarget section */

/* Begin PBXProject section */
		4E2670CA205516BF0045932D /* Project object */ = {
			isa = PBXProject;
			attributes = {
				LastSwiftUpdateCheck = 0920;
				LastUpgradeCheck = 0930;
				ORGANIZATIONNAME = halawata.net;
				TargetAttributes = {
					4E2670D1205516BF0045932D = {
						CreatedOnToolsVersion = 9.2;
						ProvisioningStyle = Automatic;
					};
					4E2670E8205516BF0045932D = {
						CreatedOnToolsVersion = 9.2;
						ProvisioningStyle = Automatic;
						TestTargetID = 4E2670D1205516BF0045932D;
					};
					4E2670F3205516C00045932D = {
						CreatedOnToolsVersion = 9.2;
						ProvisioningStyle = Automatic;
						TestTargetID = 4E2670D1205516BF0045932D;
					};
				};
			};
			buildConfigurationList = 4E2670CD205516BF0045932D /* Build configuration list for PBXProject "Stamp" */;
			compatibilityVersion = "Xcode 8.0";
			developmentRegion = en;
			hasScannedForEncodings = 0;
			knownRegions = (
				en,
				Base,
			);
			mainGroup = 4E2670C9205516BF0045932D;
			productRefGroup = 4E2670D3205516BF0045932D /* Products */;
			projectDirPath = "";
			projectRoot = "";
			targets = (
				4E2670D1205516BF0045932D /* Stamp */,
				4E2670E8205516BF0045932D /* StampTests */,
				4E2670F3205516C00045932D /* StampUITests */,
			);
		};
/* End PBXProject section */

/* Begin PBXResourcesBuildPhase section */
		4E2670D0205516BF0045932D /* Resources */ = {
			isa = PBXResourcesBuildPhase;
			buildActionMask = 2147483647;
			files = (
				4EA9CD90206C7ED00062EC7B /* LocationInfoView.xib in Resources */,
				4E5EF0082072043B00E782AE /* DateRangeSelector.storyboard in Resources */,
				4E2670E3205516BF0045932D /* LaunchScreen.storyboard in Resources */,
				4E2670E0205516BF0045932D /* Assets.xcassets in Resources */,
				4E2670DB205516BF0045932D /* Main.storyboard in Resources */,
				4E44559C206F1F6100FD88E1 /* DateRangeLabelView.xib in Resources */,
			);
			runOnlyForDeploymentPostprocessing = 0;
		};
		4E2670E7205516BF0045932D /* Resources */ = {
			isa = PBXResourcesBuildPhase;
			buildActionMask = 2147483647;
			files = (
			);
			runOnlyForDeploymentPostprocessing = 0;
		};
		4E2670F2205516C00045932D /* Resources */ = {
			isa = PBXResourcesBuildPhase;
			buildActionMask = 2147483647;
			files = (
			);
			runOnlyForDeploymentPostprocessing = 0;
		};
/* End PBXResourcesBuildPhase section */

/* Begin PBXSourcesBuildPhase section */
		4E2670CE205516BF0045932D /* Sources */ = {
			isa = PBXSourcesBuildPhase;
			buildActionMask = 2147483647;
			files = (
				4E26711B20551DE90045932D /* Location+CoreDataClass.swift in Sources */,
				4E70BB24205A543C00857009 /* HistoryListTableViewCell.swift in Sources */,
				4E44559A206F1D4E00FD88E1 /* DateRangeSelectorTableViewCell.swift in Sources */,
				4E44559E206F1FB800FD88E1 /* DateRangeLabelView.swift in Sources */,
				4E282F692074B26100401D64 /* RecordButton.swift in Sources */,
				4E2670DE205516BF0045932D /* Stamp.xcdatamodeld in Sources */,
				4E2670D6205516BF0045932D /* AppDelegate.swift in Sources */,
				4E26711C20551DE90045932D /* Location+CoreDataProperties.swift in Sources */,
				CAE74203B3107FD962D87579 /* SingleMapViewController.swift in Sources */,
				CAE74260340308E89339F40B /* BaseTabBarController.swift in Sources */,
				CAE74AC37B4B41F28FC86D2F /* HistoryListViewController.swift in Sources */,
				CAE74F3306455E947DA0CC40 /* MainViewController.swift in Sources */,
				4EB19306206B33CF00ABF1C2 /* HistoryMapView.swift in Sources */,
				CAE74046B5FEAFC870AE1DEB /* HistoryTableViewDataSource.swift in Sources */,
				CAE749BAB04ED23834D8B072 /* LocationService.swift in Sources */,
				CAE741A26FCDFECBCE6786F1 /* HistoryMapViewController.swift in Sources */,
				4EA9CD8C206C7ABF0062EC7B /* SingleLocationMapView.swift in Sources */,
				4EA9CD8E206C7C6D0062EC7B /* LocationInfoView.swift in Sources */,
				CAE74CBA542DC4CABBCB7115 /* Date.swift in Sources */,
				4E445598206F1BB800FD88E1 /* DateRangeSelectorViewController.swift in Sources */,
				CAE74EE3718289EDC30D3A75 /* DateRangeSelectorTableViewDataSource.swift in Sources */,
				CAE747947B7876F336E96F8C /* DateRange.swift in Sources */,
				CAE74DB733E11BE117DB472A /* DateRangeLabelViewDelegate.swift in Sources */,
				CAE74497F451455B2CCE905B /* DateRangeService.swift in Sources */,
				CAE7454BFA50EBC3B9F5AD5B /* BaseNavigationController.swift in Sources */,
				CAE746A6ACE76FD77F575946 /* SnapshotService.swift in Sources */,
				CAE741E3EC71BBD6B25D97A3 /* MapSnapshotShare.swift in Sources */,
				CAE74E9BC39011572A50BA41 /* AlertDialog.swift in Sources */,
			);
			runOnlyForDeploymentPostprocessing = 0;
		};
		4E2670E5205516BF0045932D /* Sources */ = {
			isa = PBXSourcesBuildPhase;
			buildActionMask = 2147483647;
			files = (
				4EB60D9A209C36FF007FC085 /* DateRangeTests.swift in Sources */,
				CAE74C030E314E1F353E83C7 /* DateTests.swift in Sources */,
				4EDC434D209BF44D00FB8104 /* LocationServiceTests.swift in Sources */,
			);
			runOnlyForDeploymentPostprocessing = 0;
		};
		4E2670F0205516C00045932D /* Sources */ = {
			isa = PBXSourcesBuildPhase;
			buildActionMask = 2147483647;
			files = (
				4E2670F9205516C00045932D /* StampUITests.swift in Sources */,
			);
			runOnlyForDeploymentPostprocessing = 0;
		};
/* End PBXSourcesBuildPhase section */

/* Begin PBXTargetDependency section */
		4E2670EB205516BF0045932D /* PBXTargetDependency */ = {
			isa = PBXTargetDependency;
			target = 4E2670D1205516BF0045932D /* Stamp */;
			targetProxy = 4E2670EA205516BF0045932D /* PBXContainerItemProxy */;
		};
		4E2670F6205516C00045932D /* PBXTargetDependency */ = {
			isa = PBXTargetDependency;
			target = 4E2670D1205516BF0045932D /* Stamp */;
			targetProxy = 4E2670F5205516C00045932D /* PBXContainerItemProxy */;
		};
/* End PBXTargetDependency section */

/* Begin PBXVariantGroup section */
		4E2670D9205516BF0045932D /* Main.storyboard */ = {
			isa = PBXVariantGroup;
			children = (
				4E2670DA205516BF0045932D /* Base */,
			);
			name = Main.storyboard;
			sourceTree = "<group>";
		};
		4E2670E1205516BF0045932D /* LaunchScreen.storyboard */ = {
			isa = PBXVariantGroup;
			children = (
				4E2670E2205516BF0045932D /* Base */,
			);
			name = LaunchScreen.storyboard;
			sourceTree = "<group>";
		};
/* End PBXVariantGroup section */

/* Begin XCBuildConfiguration section */
		4E2670FB205516C00045932D /* Debug */ = {
			isa = XCBuildConfiguration;
			buildSettings = {
				ALWAYS_SEARCH_USER_PATHS = NO;
				CLANG_ANALYZER_NONNULL = YES;
				CLANG_ANALYZER_NUMBER_OBJECT_CONVERSION = YES_AGGRESSIVE;
				CLANG_CXX_LANGUAGE_STANDARD = "gnu++14";
				CLANG_CXX_LIBRARY = "libc++";
				CLANG_ENABLE_MODULES = YES;
				CLANG_ENABLE_OBJC_ARC = YES;
				CLANG_WARN_BLOCK_CAPTURE_AUTORELEASING = YES;
				CLANG_WARN_BOOL_CONVERSION = YES;
				CLANG_WARN_COMMA = YES;
				CLANG_WARN_CONSTANT_CONVERSION = YES;
				CLANG_WARN_DEPRECATED_OBJC_IMPLEMENTATIONS = YES;
				CLANG_WARN_DIRECT_OBJC_ISA_USAGE = YES_ERROR;
				CLANG_WARN_DOCUMENTATION_COMMENTS = YES;
				CLANG_WARN_EMPTY_BODY = YES;
				CLANG_WARN_ENUM_CONVERSION = YES;
				CLANG_WARN_INFINITE_RECURSION = YES;
				CLANG_WARN_INT_CONVERSION = YES;
				CLANG_WARN_NON_LITERAL_NULL_CONVERSION = YES;
				CLANG_WARN_OBJC_IMPLICIT_RETAIN_SELF = YES;
				CLANG_WARN_OBJC_LITERAL_CONVERSION = YES;
				CLANG_WARN_OBJC_ROOT_CLASS = YES_ERROR;
				CLANG_WARN_RANGE_LOOP_ANALYSIS = YES;
				CLANG_WARN_STRICT_PROTOTYPES = YES;
				CLANG_WARN_SUSPICIOUS_MOVE = YES;
				CLANG_WARN_UNGUARDED_AVAILABILITY = YES_AGGRESSIVE;
				CLANG_WARN_UNREACHABLE_CODE = YES;
				CLANG_WARN__DUPLICATE_METHOD_MATCH = YES;
				CODE_SIGN_IDENTITY = "iPhone Developer";
				COPY_PHASE_STRIP = NO;
				DEBUG_INFORMATION_FORMAT = dwarf;
				ENABLE_STRICT_OBJC_MSGSEND = YES;
				ENABLE_TESTABILITY = YES;
				GCC_C_LANGUAGE_STANDARD = gnu11;
				GCC_DYNAMIC_NO_PIC = NO;
				GCC_NO_COMMON_BLOCKS = YES;
				GCC_OPTIMIZATION_LEVEL = 0;
				GCC_PREPROCESSOR_DEFINITIONS = (
					"DEBUG=1",
					"$(inherited)",
				);
				GCC_WARN_64_TO_32_BIT_CONVERSION = YES;
				GCC_WARN_ABOUT_RETURN_TYPE = YES_ERROR;
				GCC_WARN_UNDECLARED_SELECTOR = YES;
				GCC_WARN_UNINITIALIZED_AUTOS = YES_AGGRESSIVE;
				GCC_WARN_UNUSED_FUNCTION = YES;
				GCC_WARN_UNUSED_VARIABLE = YES;
				IPHONEOS_DEPLOYMENT_TARGET = 11.3;
				MTL_ENABLE_DEBUG_INFO = YES;
				ONLY_ACTIVE_ARCH = YES;
				SDKROOT = iphoneos;
				SWIFT_ACTIVE_COMPILATION_CONDITIONS = DEBUG;
				SWIFT_OPTIMIZATION_LEVEL = "-Onone";
			};
			name = Debug;
		};
		4E2670FC205516C00045932D /* Release */ = {
			isa = XCBuildConfiguration;
			buildSettings = {
				ALWAYS_SEARCH_USER_PATHS = NO;
				CLANG_ANALYZER_NONNULL = YES;
				CLANG_ANALYZER_NUMBER_OBJECT_CONVERSION = YES_AGGRESSIVE;
				CLANG_CXX_LANGUAGE_STANDARD = "gnu++14";
				CLANG_CXX_LIBRARY = "libc++";
				CLANG_ENABLE_MODULES = YES;
				CLANG_ENABLE_OBJC_ARC = YES;
				CLANG_WARN_BLOCK_CAPTURE_AUTORELEASING = YES;
				CLANG_WARN_BOOL_CONVERSION = YES;
				CLANG_WARN_COMMA = YES;
				CLANG_WARN_CONSTANT_CONVERSION = YES;
				CLANG_WARN_DEPRECATED_OBJC_IMPLEMENTATIONS = YES;
				CLANG_WARN_DIRECT_OBJC_ISA_USAGE = YES_ERROR;
				CLANG_WARN_DOCUMENTATION_COMMENTS = YES;
				CLANG_WARN_EMPTY_BODY = YES;
				CLANG_WARN_ENUM_CONVERSION = YES;
				CLANG_WARN_INFINITE_RECURSION = YES;
				CLANG_WARN_INT_CONVERSION = YES;
				CLANG_WARN_NON_LITERAL_NULL_CONVERSION = YES;
				CLANG_WARN_OBJC_IMPLICIT_RETAIN_SELF = YES;
				CLANG_WARN_OBJC_LITERAL_CONVERSION = YES;
				CLANG_WARN_OBJC_ROOT_CLASS = YES_ERROR;
				CLANG_WARN_RANGE_LOOP_ANALYSIS = YES;
				CLANG_WARN_STRICT_PROTOTYPES = YES;
				CLANG_WARN_SUSPICIOUS_MOVE = YES;
				CLANG_WARN_UNGUARDED_AVAILABILITY = YES_AGGRESSIVE;
				CLANG_WARN_UNREACHABLE_CODE = YES;
				CLANG_WARN__DUPLICATE_METHOD_MATCH = YES;
				CODE_SIGN_IDENTITY = "iPhone Developer";
				COPY_PHASE_STRIP = NO;
				DEBUG_INFORMATION_FORMAT = "dwarf-with-dsym";
				ENABLE_NS_ASSERTIONS = NO;
				ENABLE_STRICT_OBJC_MSGSEND = YES;
				GCC_C_LANGUAGE_STANDARD = gnu11;
				GCC_NO_COMMON_BLOCKS = YES;
				GCC_WARN_64_TO_32_BIT_CONVERSION = YES;
				GCC_WARN_ABOUT_RETURN_TYPE = YES_ERROR;
				GCC_WARN_UNDECLARED_SELECTOR = YES;
				GCC_WARN_UNINITIALIZED_AUTOS = YES_AGGRESSIVE;
				GCC_WARN_UNUSED_FUNCTION = YES;
				GCC_WARN_UNUSED_VARIABLE = YES;
				IPHONEOS_DEPLOYMENT_TARGET = 11.3;
				MTL_ENABLE_DEBUG_INFO = NO;
				SDKROOT = iphoneos;
				SWIFT_OPTIMIZATION_LEVEL = "-Owholemodule";
				VALIDATE_PRODUCT = YES;
			};
			name = Release;
		};
		4E2670FE205516C00045932D /* Debug */ = {
			isa = XCBuildConfiguration;
			buildSettings = {
				ASSETCATALOG_COMPILER_APPICON_NAME = AppIcon;
				CODE_SIGN_STYLE = Automatic;
				DEVELOPMENT_TEAM = TLE83Z6Q79;
				FRAMEWORK_SEARCH_PATHS = (
					"$(inherited)",
					"$(PROJECT_DIR)/Carthage/Build/iOS",
				);
				INFOPLIST_FILE = Stamp/Info.plist;
				LD_RUNPATH_SEARCH_PATHS = "$(inherited) @executable_path/Frameworks";
				PRODUCT_BUNDLE_IDENTIFIER = net.halawata.stamp;
				PRODUCT_NAME = "$(TARGET_NAME)";
				SWIFT_VERSION = 4.0;
				TARGETED_DEVICE_FAMILY = "1,2";
			};
			name = Debug;
		};
		4E2670FF205516C00045932D /* Release */ = {
			isa = XCBuildConfiguration;
			buildSettings = {
				ASSETCATALOG_COMPILER_APPICON_NAME = AppIcon;
				CODE_SIGN_STYLE = Automatic;
				DEVELOPMENT_TEAM = TLE83Z6Q79;
				FRAMEWORK_SEARCH_PATHS = (
					"$(inherited)",
					"$(PROJECT_DIR)/Carthage/Build/iOS",
				);
				INFOPLIST_FILE = Stamp/Info.plist;
				LD_RUNPATH_SEARCH_PATHS = "$(inherited) @executable_path/Frameworks";
				PRODUCT_BUNDLE_IDENTIFIER = net.halawata.stamp;
				PRODUCT_NAME = "$(TARGET_NAME)";
				SWIFT_VERSION = 4.0;
				TARGETED_DEVICE_FAMILY = "1,2";
			};
			name = Release;
		};
		4E267101205516C00045932D /* Debug */ = {
			isa = XCBuildConfiguration;
			buildSettings = {
				ALWAYS_EMBED_SWIFT_STANDARD_LIBRARIES = YES;
				BUNDLE_LOADER = "$(TEST_HOST)";
				CODE_SIGN_STYLE = Automatic;
				DEVELOPMENT_TEAM = TLE83Z6Q79;
				INFOPLIST_FILE = StampTests/Info.plist;
				LD_RUNPATH_SEARCH_PATHS = "$(inherited) @executable_path/Frameworks @loader_path/Frameworks";
				PRODUCT_BUNDLE_IDENTIFIER = net.halawata.StampTests;
				PRODUCT_NAME = "$(TARGET_NAME)";
				SWIFT_VERSION = 4.0;
				TARGETED_DEVICE_FAMILY = "1,2";
				TEST_HOST = "$(BUILT_PRODUCTS_DIR)/Stamp.app/Stamp";
			};
			name = Debug;
		};
		4E267102205516C00045932D /* Release */ = {
			isa = XCBuildConfiguration;
			buildSettings = {
				ALWAYS_EMBED_SWIFT_STANDARD_LIBRARIES = YES;
				BUNDLE_LOADER = "$(TEST_HOST)";
				CODE_SIGN_STYLE = Automatic;
				DEVELOPMENT_TEAM = TLE83Z6Q79;
				INFOPLIST_FILE = StampTests/Info.plist;
				LD_RUNPATH_SEARCH_PATHS = "$(inherited) @executable_path/Frameworks @loader_path/Frameworks";
				PRODUCT_BUNDLE_IDENTIFIER = net.halawata.StampTests;
				PRODUCT_NAME = "$(TARGET_NAME)";
				SWIFT_VERSION = 4.0;
				TARGETED_DEVICE_FAMILY = "1,2";
				TEST_HOST = "$(BUILT_PRODUCTS_DIR)/Stamp.app/Stamp";
			};
			name = Release;
		};
		4E267104205516C00045932D /* Debug */ = {
			isa = XCBuildConfiguration;
			buildSettings = {
				ALWAYS_EMBED_SWIFT_STANDARD_LIBRARIES = YES;
				CODE_SIGN_STYLE = Automatic;
				DEVELOPMENT_TEAM = TLE83Z6Q79;
				INFOPLIST_FILE = StampUITests/Info.plist;
				LD_RUNPATH_SEARCH_PATHS = "$(inherited) @executable_path/Frameworks @loader_path/Frameworks";
				PRODUCT_BUNDLE_IDENTIFIER = net.halawata.StampUITests;
				PRODUCT_NAME = "$(TARGET_NAME)";
				SWIFT_VERSION = 4.0;
				TARGETED_DEVICE_FAMILY = "1,2";
				TEST_TARGET_NAME = Stamp;
			};
			name = Debug;
		};
		4E267105205516C00045932D /* Release */ = {
			isa = XCBuildConfiguration;
			buildSettings = {
				ALWAYS_EMBED_SWIFT_STANDARD_LIBRARIES = YES;
				CODE_SIGN_STYLE = Automatic;
				DEVELOPMENT_TEAM = TLE83Z6Q79;
				INFOPLIST_FILE = StampUITests/Info.plist;
				LD_RUNPATH_SEARCH_PATHS = "$(inherited) @executable_path/Frameworks @loader_path/Frameworks";
				PRODUCT_BUNDLE_IDENTIFIER = net.halawata.StampUITests;
				PRODUCT_NAME = "$(TARGET_NAME)";
				SWIFT_VERSION = 4.0;
				TARGETED_DEVICE_FAMILY = "1,2";
				TEST_TARGET_NAME = Stamp;
			};
			name = Release;
		};
/* End XCBuildConfiguration section */

/* Begin XCConfigurationList section */
		4E2670CD205516BF0045932D /* Build configuration list for PBXProject "Stamp" */ = {
			isa = XCConfigurationList;
			buildConfigurations = (
				4E2670FB205516C00045932D /* Debug */,
				4E2670FC205516C00045932D /* Release */,
			);
			defaultConfigurationIsVisible = 0;
			defaultConfigurationName = Release;
		};
		4E2670FD205516C00045932D /* Build configuration list for PBXNativeTarget "Stamp" */ = {
			isa = XCConfigurationList;
			buildConfigurations = (
				4E2670FE205516C00045932D /* Debug */,
				4E2670FF205516C00045932D /* Release */,
			);
			defaultConfigurationIsVisible = 0;
			defaultConfigurationName = Release;
		};
		4E267100205516C00045932D /* Build configuration list for PBXNativeTarget "StampTests" */ = {
			isa = XCConfigurationList;
			buildConfigurations = (
				4E267101205516C00045932D /* Debug */,
				4E267102205516C00045932D /* Release */,
			);
			defaultConfigurationIsVisible = 0;
			defaultConfigurationName = Release;
		};
		4E267103205516C00045932D /* Build configuration list for PBXNativeTarget "StampUITests" */ = {
			isa = XCConfigurationList;
			buildConfigurations = (
				4E267104205516C00045932D /* Debug */,
				4E267105205516C00045932D /* Release */,
			);
			defaultConfigurationIsVisible = 0;
			defaultConfigurationName = Release;
		};
/* End XCConfigurationList section */

/* Begin XCVersionGroup section */
		4E2670DC205516BF0045932D /* Stamp.xcdatamodeld */ = {
			isa = XCVersionGroup;
			children = (
				4E2670DD205516BF0045932D /* Stamp.xcdatamodel */,
			);
			currentVersion = 4E2670DD205516BF0045932D /* Stamp.xcdatamodel */;
			path = Stamp.xcdatamodeld;
			sourceTree = "<group>";
			versionGroupType = wrapper.xcdatamodel;
		};
/* End XCVersionGroup section */
	};
	rootObject = 4E2670CA205516BF0045932D /* Project object */;
}
